
Microsoft Visual Studio Solution File, Format Version 12.00
# Visual Studio Version 17
VisualStudioVersion = 17.8.34511.84
MinimumVisualStudioVersion = 10.0.40219.1
Project("{9A19103F-16F7-4668-BE54-9A1E7A4F7556}") = "AspNetCore.Identity", "AspNetCore.Identity\AspNetCore.Identity.csproj", "{4C9E915D-8FBB-4F31-86C6-7B6529A493F5}"
EndProject
Project("{2150E333-8FDC-42A3-9474-1A3956D46DE8}") = "Solution Items", "Solution Items", "{B18391E5-9927-444E-9CE9-5D1A1AAD5976}"
	ProjectSection(SolutionItems) = preProject
		.editorconfig = .editorconfig
		Directory.Build.props = Directory.Build.props
	EndProjectSection
EndProject
Project("{E53339B2-1760-4266-BCC7-CA923CBCF16C}") = "docker-compose", "docker-compose.dcproj", "{B10A600B-5CC0-49B2-9368-69FD83939005}"
EndProject
Global
	GlobalSection(SolutionConfigurationPlatforms) = preSolution
		Debug|Any CPU = Debug|Any CPU
		Release|Any CPU = Release|Any CPU
	EndGlobalSection
	GlobalSection(ProjectConfigurationPlatforms) = postSolution
		{4C9E915D-8FBB-4F31-86C6-7B6529A493F5}.Debug|Any CPU.ActiveCfg = Debug|Any CPU
		{4C9E915D-8FBB-4F31-86C6-7B6529A493F5}.Debug|Any CPU.Build.0 = Debug|Any CPU
		{4C9E915D-8FBB-4F31-86C6-7B6529A493F5}.Release|Any CPU.ActiveCfg = Release|Any CPU
		{4C9E915D-8FBB-4F31-86C6-7B6529A493F5}.Release|Any CPU.Build.0 = Release|Any CPU
		{B10A600B-5CC0-49B2-9368-69FD83939005}.Debug|Any CPU.ActiveCfg = Debug|Any CPU
		{B10A600B-5CC0-49B2-9368-69FD83939005}.Debug|Any CPU.Build.0 = Debug|Any CPU
		{B10A600B-5CC0-49B2-9368-69FD83939005}.Release|Any CPU.ActiveCfg = Release|Any CPU
		{B10A600B-5CC0-49B2-9368-69FD83939005}.Release|Any CPU.Build.0 = Release|Any CPU
	EndGlobalSection
	GlobalSection(SolutionProperties) = preSolution
		HideSolutionNode = FALSE
	EndGlobalSection
	GlobalSection(ExtensibilityGlobals) = postSolution
		SolutionGuid = {A833A0FF-8C43-48B0-86F3-EF01D27B381A}
	EndGlobalSection
EndGlobal
